
Microsoft Visual Studio Solution File, Format Version 12.00
# Visual Studio Version 17
VisualStudioVersion = 17.5.002.0
MinimumVisualStudioVersion = 10.0.40219.1
Project("{2150E333-8FDC-42A3-9474-1A3956D46DE8}") = "dotnet", "dotnet", "{F4DED2AE-141E-4DF9-832B-2450CA6A89C6}"
EndProject
Project("{2150E333-8FDC-42A3-9474-1A3956D46DE8}") = "1.0.0-beta.1", "1.0.0-beta.1", "{C5065D02-6900-4329-840E-DF36CBB1B602}"
EndProject
Project("{9A19103F-16F7-4668-BE54-9A1E7A4F7556}") = "AnalyzeImage", "dotnet\1.0.0-beta.1\AnalyzeImage\AnalyzeImage.csproj", "{ADE23D79-FD18-4E9E-BE58-A5B6B31235D2}"
EndProject
Project("{9A19103F-16F7-4668-BE54-9A1E7A4F7556}") = "AnalyzeText", "dotnet\1.0.0-beta.1\AnalyzeText\AnalyzeText.csproj", "{D5C37D9A-B779-40C6-AC77-8F9BCDC7140F}"
EndProject
Project("{9A19103F-16F7-4668-BE54-9A1E7A4F7556}") = "ManageBlocklist", "dotnet\1.0.0-beta.1\ManageBlocklist\ManageBlocklist.csproj", "{59F207B2-A0E8-48AE-A28E-F250959EC19F}"
EndProject
Project("{2150E333-8FDC-42A3-9474-1A3956D46DE8}") = "1.0.0", "1.0.0", "{66A8E1A8-D9DD-4D36-B80A-C3EA8B7E58CC}"
EndProject
Project("{9A19103F-16F7-4668-BE54-9A1E7A4F7556}") = "AnalyzeImage", "dotnet\1.0.0\AnalyzeImage\AnalyzeImage.csproj", "{E5BBA5F2-1D9C-42E9-9779-DD1A455E01EF}"
EndProject
Project("{9A19103F-16F7-4668-BE54-9A1E7A4F7556}") = "AnalyzeText", "dotnet\1.0.0\AnalyzeText\AnalyzeText.csproj", "{5BE19581-5F42-4F8A-A6A6-A1093A2900D3}"
EndProject
Project("{9A19103F-16F7-4668-BE54-9A1E7A4F7556}") = "ManageBlocklist", "dotnet\1.0.0\ManageBlocklist\ManageBlocklist.csproj", "{946B8E9C-E540-4C83-8E91-B9AEDAFE9759}"
EndProject
Global
	GlobalSection(SolutionConfigurationPlatforms) = preSolution
		Debug|Any CPU = Debug|Any CPU
		Release|Any CPU = Release|Any CPU
	EndGlobalSection
	GlobalSection(ProjectConfigurationPlatforms) = postSolution
		{ADE23D79-FD18-4E9E-BE58-A5B6B31235D2}.Debug|Any CPU.ActiveCfg = Debug|Any CPU
		{ADE23D79-FD18-4E9E-BE58-A5B6B31235D2}.Debug|Any CPU.Build.0 = Debug|Any CPU
		{ADE23D79-FD18-4E9E-BE58-A5B6B31235D2}.Release|Any CPU.ActiveCfg = Release|Any CPU
		{ADE23D79-FD18-4E9E-BE58-A5B6B31235D2}.Release|Any CPU.Build.0 = Release|Any CPU
		{D5C37D9A-B779-40C6-AC77-8F9BCDC7140F}.Debug|Any CPU.ActiveCfg = Debug|Any CPU
		{D5C37D9A-B779-40C6-AC77-8F9BCDC7140F}.Debug|Any CPU.Build.0 = Debug|Any CPU
		{D5C37D9A-B779-40C6-AC77-8F9BCDC7140F}.Release|Any CPU.ActiveCfg = Release|Any CPU
		{D5C37D9A-B779-40C6-AC77-8F9BCDC7140F}.Release|Any CPU.Build.0 = Release|Any CPU
		{59F207B2-A0E8-48AE-A28E-F250959EC19F}.Debug|Any CPU.ActiveCfg = Debug|Any CPU
		{59F207B2-A0E8-48AE-A28E-F250959EC19F}.Debug|Any CPU.Build.0 = Debug|Any CPU
		{59F207B2-A0E8-48AE-A28E-F250959EC19F}.Release|Any CPU.ActiveCfg = Release|Any CPU
		{59F207B2-A0E8-48AE-A28E-F250959EC19F}.Release|Any CPU.Build.0 = Release|Any CPU
		{E5BBA5F2-1D9C-42E9-9779-DD1A455E01EF}.Debug|Any CPU.ActiveCfg = Debug|Any CPU
		{E5BBA5F2-1D9C-42E9-9779-DD1A455E01EF}.Debug|Any CPU.Build.0 = Debug|Any CPU
		{E5BBA5F2-1D9C-42E9-9779-DD1A455E01EF}.Release|Any CPU.ActiveCfg = Release|Any CPU
		{E5BBA5F2-1D9C-42E9-9779-DD1A455E01EF}.Release|Any CPU.Build.0 = Release|Any CPU
		{5BE19581-5F42-4F8A-A6A6-A1093A2900D3}.Debug|Any CPU.ActiveCfg = Debug|Any CPU
		{5BE19581-5F42-4F8A-A6A6-A1093A2900D3}.Debug|Any CPU.Build.0 = Debug|Any CPU
		{5BE19581-5F42-4F8A-A6A6-A1093A2900D3}.Release|Any CPU.ActiveCfg = Release|Any CPU
		{5BE19581-5F42-4F8A-A6A6-A1093A2900D3}.Release|Any CPU.Build.0 = Release|Any CPU
		{946B8E9C-E540-4C83-8E91-B9AEDAFE9759}.Debug|Any CPU.ActiveCfg = Debug|Any CPU
		{946B8E9C-E540-4C83-8E91-B9AEDAFE9759}.Debug|Any CPU.Build.0 = Debug|Any CPU
		{946B8E9C-E540-4C83-8E91-B9AEDAFE9759}.Release|Any CPU.ActiveCfg = Release|Any CPU
		{946B8E9C-E540-4C83-8E91-B9AEDAFE9759}.Release|Any CPU.Build.0 = Release|Any CPU
	EndGlobalSection
	GlobalSection(SolutionProperties) = preSolution
		HideSolutionNode = FALSE
	EndGlobalSection
	GlobalSection(NestedProjects) = preSolution
		{C5065D02-6900-4329-840E-DF36CBB1B602} = {F4DED2AE-141E-4DF9-832B-2450CA6A89C6}
		{ADE23D79-FD18-4E9E-BE58-A5B6B31235D2} = {C5065D02-6900-4329-840E-DF36CBB1B602}
		{D5C37D9A-B779-40C6-AC77-8F9BCDC7140F} = {C5065D02-6900-4329-840E-DF36CBB1B602}
		{59F207B2-A0E8-48AE-A28E-F250959EC19F} = {C5065D02-6900-4329-840E-DF36CBB1B602}
		{66A8E1A8-D9DD-4D36-B80A-C3EA8B7E58CC} = {F4DED2AE-141E-4DF9-832B-2450CA6A89C6}
		{E5BBA5F2-1D9C-42E9-9779-DD1A455E01EF} = {66A8E1A8-D9DD-4D36-B80A-C3EA8B7E58CC}
		{5BE19581-5F42-4F8A-A6A6-A1093A2900D3} = {66A8E1A8-D9DD-4D36-B80A-C3EA8B7E58CC}
		{946B8E9C-E540-4C83-8E91-B9AEDAFE9759} = {66A8E1A8-D9DD-4D36-B80A-C3EA8B7E58CC}
	EndGlobalSection
	GlobalSection(ExtensibilityGlobals) = postSolution
		SolutionGuid = {DE6CD92F-7A11-4462-9F80-534EBC54884B}
	EndGlobalSection
EndGlobal
